{
  "version": 1,
  "dependencies": {
    "net6.0": {
      "LiteDB": {
        "type": "Direct",
        "requested": "[5.0.12, )",
        "resolved": "5.0.12",
        "contentHash": "HaOjSIGS9BRm7dw42qcHd5NGYl5wdjsFB31pImt3QQNLKUNEmRAr7ADos5VsujwBc9c4otJgb+G6NA4MlzKyAw=="
      },
      "Roslynator.Analyzers": {
        "type": "Direct",
        "requested": "[4.1.2, )",
        "resolved": "4.1.2",
        "contentHash": "bNl3GRSBFjJymYnwq/IRDD9MOSZz9VKdGk9RsN0MWIXoSRnVKQv84f6s9nLE13y20lZgMZKlDqGw2uInBH4JgA=="
      },
      "answer.king.domain": {
        "type": "Project"
      }
    }
  }
}