{
  "version": 1,
  "dependencies": {
    "net6.0": {
      "Roslynator.Analyzers": {
        "type": "Direct",
        "requested": "[4.1.2, )",
        "resolved": "4.1.2",
        "contentHash": "bNl3GRSBFjJymYnwq/IRDD9MOSZz9VKdGk9RsN0MWIXoSRnVKQv84f6s9nLE13y20lZgMZKlDqGw2uInBH4JgA=="
      }
    }
  }
}