{
  "version": 1,
  "dependencies": {
    "net6.0": {
      "FluentValidation.AspNetCore": {
        "type": "Direct",
        "requested": "[11.2.2, )",
        "resolved": "11.2.2",
        "contentHash": "jU/MHXqg9cnOU18dY75vorP2c2WDKMan4zegOPsoc34xZVjzTEtXP0fKvkDEdeaChUVooNWuRr27u9w3sYbEFA==",
        "dependencies": {
          "FluentValidation": "11.2.1",
          "FluentValidation.DependencyInjectionExtensions": "11.2.1"
        }
      },
      "Roslynator.Analyzers": {
        "type": "Direct",
        "requested": "[4.1.2, )",
        "resolved": "4.1.2",
        "contentHash": "bNl3GRSBFjJymYnwq/IRDD9MOSZz9VKdGk9RsN0MWIXoSRnVKQv84f6s9nLE13y20lZgMZKlDqGw2uInBH4JgA=="
      },
      "Swashbuckle.AspNetCore": {
        "type": "Direct",
        "requested": "[6.4.0, )",
        "resolved": "6.4.0",
        "contentHash": "eUBr4TW0up6oKDA5Xwkul289uqSMgY0xGN4pnbOIBqCcN9VKGGaPvHX3vWaG/hvocfGDP+MGzMA0bBBKz2fkmQ==",
        "dependencies": {
          "Microsoft.Extensions.ApiDescription.Server": "6.0.5",
          "Swashbuckle.AspNetCore.Swagger": "6.4.0",
          "Swashbuckle.AspNetCore.SwaggerGen": "6.4.0",
          "Swashbuckle.AspNetCore.SwaggerUI": "6.4.0"
        }
      },
      "FluentValidation": {
        "type": "Transitive",
        "resolved": "11.2.1",
        "contentHash": "ZrQD0TGd0mHqf/zErZOEaba8cBeInaJj02nqinO+0La3uE08sJ5ScTYqsCbdx9fLHsX8rh+5KH5RtL2eOUS+OA=="
      },
      "FluentValidation.DependencyInjectionExtensions": {
        "type": "Transitive",
        "resolved": "11.2.1",
        "contentHash": "WqR2kt0OidUCg9xS+YOoiDmdCu7EnYLLgQb/bX+5fTTVor+90dWmr1OdJaWlLZvg2nbwV9EfxA9FZp91+JmQtg==",
        "dependencies": {
          "FluentValidation": "11.2.1",
          "Microsoft.Extensions.Dependencyinjection.Abstractions": "2.1.0"
        }
      },
      "LiteDB": {
        "type": "Transitive",
        "resolved": "5.0.12",
        "contentHash": "HaOjSIGS9BRm7dw42qcHd5NGYl5wdjsFB31pImt3QQNLKUNEmRAr7ADos5VsujwBc9c4otJgb+G6NA4MlzKyAw=="
      },
      "Microsoft.Extensions.ApiDescription.Server": {
        "type": "Transitive",
        "resolved": "6.0.5",
        "contentHash": "Ckb5EDBUNJdFWyajfXzUIMRkhf52fHZOQuuZg/oiu8y7zDCVwD0iHhew6MnThjHmevanpxL3f5ci2TtHQEN6bw=="
      },
      "Microsoft.Extensions.DependencyInjection.Abstractions": {
        "type": "Transitive",
        "resolved": "2.1.0",
        "contentHash": "8/CtASu80UIoyG+r8FstrmZW5GLtXxzoYpjj3jV0FKZCL5CiFgSH3pAmqut/dC68mu7N1bU6v0UtKKL3gCUQGQ=="
      },
      "Microsoft.OpenApi": {
        "type": "Transitive",
        "resolved": "1.2.3",
        "contentHash": "Nug3rO+7Kl5/SBAadzSMAVgqDlfGjJZ0GenQrLywJ84XGKO0uRqkunz5Wyl0SDwcR71bAATXvSdbdzPrYRYKGw=="
      },
      "Swashbuckle.AspNetCore.Swagger": {
        "type": "Transitive",
        "resolved": "6.4.0",
        "contentHash": "nl4SBgGM+cmthUcpwO/w1lUjevdDHAqRvfUoe4Xp/Uvuzt9mzGUwyFCqa3ODBAcZYBiFoKvrYwz0rabslJvSmQ==",
        "dependencies": {
          "Microsoft.OpenApi": "1.2.3"
        }
      },
      "Swashbuckle.AspNetCore.SwaggerGen": {
        "type": "Transitive",
        "resolved": "6.4.0",
        "contentHash": "lXhcUBVqKrPFAQF7e/ZeDfb5PMgE8n5t6L5B6/BQSpiwxgHzmBcx8Msu42zLYFTvR5PIqE9Q9lZvSQAcwCxJjw==",
        "dependencies": {
          "Swashbuckle.AspNetCore.Swagger": "6.4.0"
        }
      },
      "Swashbuckle.AspNetCore.SwaggerUI": {
        "type": "Transitive",
        "resolved": "6.4.0",
        "contentHash": "1Hh3atb3pi8c+v7n4/3N80Jj8RvLOXgWxzix6w3OZhB7zBGRwsy7FWr4e3hwgPweSBpwfElqj4V4nkjYabH9nQ=="
      },
      "answer.king.domain": {
        "type": "Project"
      },
      "answer.king.infrastructure": {
        "type": "Project",
        "dependencies": {
          "Answer.King.Domain": "[1.0.0, )",
          "LiteDB": "[5.0.12, )"
        }
      }
    }
  }
}